
Microsoft Visual Studio Solution File, Format Version 12.00
# Visual Studio Version 17
VisualStudioVersion = 17.7.34031.279
MinimumVisualStudioVersion = 10.0.40219.1
Project("{8BC9CEB8-8B4A-11D0-8D11-00A0C91BC942}") = "Prepod-05.10", "Prepod-05.10\Prepod-05.10.vcxproj", "{0B745AEC-066F-4547-9961-EE41B8DBAA21}"
EndProject
Global
	GlobalSection(SolutionConfigurationPlatforms) = preSolution
		Debug|x64 = Debug|x64
		Debug|x86 = Debug|x86
		Release|x64 = Release|x64
		Release|x86 = Release|x86
	EndGlobalSection
	GlobalSection(ProjectConfigurationPlatforms) = postSolution
		{0B745AEC-066F-4547-9961-EE41B8DBAA21}.Debug|x64.ActiveCfg = Debug|x64
		{0B745AEC-066F-4547-9961-EE41B8DBAA21}.Debug|x64.Build.0 = Debug|x64
		{0B745AEC-066F-4547-9961-EE41B8DBAA21}.Debug|x86.ActiveCfg = Debug|Win32
		{0B745AEC-066F-4547-9961-EE41B8DBAA21}.Debug|x86.Build.0 = Debug|Win32
		{0B745AEC-066F-4547-9961-EE41B8DBAA21}.Release|x64.ActiveCfg = Release|x64
		{0B745AEC-066F-4547-9961-EE41B8DBAA21}.Release|x64.Build.0 = Release|x64
		{0B745AEC-066F-4547-9961-EE41B8DBAA21}.Release|x86.ActiveCfg = Release|Win32
		{0B745AEC-066F-4547-9961-EE41B8DBAA21}.Release|x86.Build.0 = Release|Win32
	EndGlobalSection
	GlobalSection(SolutionProperties) = preSolution
		HideSolutionNode = FALSE
	EndGlobalSection
	GlobalSection(ExtensibilityGlobals) = postSolution
		SolutionGuid = {ED3EA0AF-F399-4D78-B6D8-71378881C5C8}
	EndGlobalSection
EndGlobal
